{
  "originHash" : "17cad9ff9bd4b7f701f17d4c3c0f3c505388b263736cba348514e50050c1af7a",
  "pins" : [
    {
      "identity" : "asyncreactor",
      "kind" : "remoteSourceControl",
      "location" : "https://github.com/diamirio/AsyncReactor",
      "state" : {
        "revision" : "e3fde7f9c1fb4db349039796c5c138571c71dadd",
        "version" : "1.2.1"
      }
    },
    {
      "identity" : "injection",
      "kind" : "remoteSourceControl",
      "location" : "https://github.com/diamirio/Injection",
      "state" : {
        "revision" : "57a66d3f21ff5564542a6b157838ae97b67447f0",
        "version" : "1.1.0"
      }
    }
  ],
  "version" : 3
}
