{
  "originHash" : "a5c9ad3e5f327f0629803f1e32f52744cd2fb5a3983831d7e59b2c02273a8ac1",
  "pins" : [
    {
      "identity" : "asyncreactor",
      "kind" : "remoteSourceControl",
      "location" : "https://github.com/diamirio/AsyncReactor",
      "state" : {
        "revision" : "e3fde7f9c1fb4db349039796c5c138571c71dadd",
        "version" : "1.2.1"
      }
    },
    {
      "identity" : "endpoints",
      "kind" : "remoteSourceControl",
      "location" : "https://github.com/diamirio/Endpoints",
      "state" : {
        "branch" : "feature/swift-6.2",
        "revision" : "db7c5b2e91a45efdc8db5f9ae5f72851c13beb26"
      }
    },
    {
      "identity" : "injection",
      "kind" : "remoteSourceControl",
      "location" : "https://github.com/diamirio/Injection",
      "state" : {
        "revision" : "57a66d3f21ff5564542a6b157838ae97b67447f0",
        "version" : "1.1.0"
      }
    }
  ],
  "version" : 3
}
